github.com/BurntSushi/toml v1.2.1 h1:9F2/+DoOYIOksmaJFPw1tGFy1eDnIJXg+UHjuD8lTak=
github.com/BurntSushi/toml v1.2.1/go.mod h1:CxXYINrC8qIiEnFrOxCa7Jy5BFHlXnUU2pbicEuybxQ=
github.com/sashabaranov/go-openai v1.9.5 h1:z1VCMXsfnug+U0ceTTIXr/L26AYl9jafqA9lptlSX0c=
github.com/sashabaranov/go-openai v1.9.5/go.mod h1:lj5b/K+zjTSFxVLijLSTDZuP7adOgerWeFyZLUhAKRg=
